
Microsoft Visual Studio Solution File, Format Version 12.00
# Visual Studio Version 17
VisualStudioVersion = 17.9.34902.65
MinimumVisualStudioVersion = 10.0.40219.1
Project("{FAE04EC0-301F-11D3-BF4B-00C04F79EFBC}") = "PanalAbejas", "PanalAbejas\PanalAbejas.csproj", "{1E5215DE-3BE3-4D57-BDBE-8E62F389E4A5}"
EndProject
Global
	GlobalSection(SolutionConfigurationPlatforms) = preSolution
		Debug|Any CPU = Debug|Any CPU
		Release|Any CPU = Release|Any CPU
	EndGlobalSection
	GlobalSection(ProjectConfigurationPlatforms) = postSolution
		{1E5215DE-3BE3-4D57-BDBE-8E62F389E4A5}.Debug|Any CPU.ActiveCfg = Debug|Any CPU
		{1E5215DE-3BE3-4D57-BDBE-8E62F389E4A5}.Debug|Any CPU.Build.0 = Debug|Any CPU
		{1E5215DE-3BE3-4D57-BDBE-8E62F389E4A5}.Release|Any CPU.ActiveCfg = Release|Any CPU
		{1E5215DE-3BE3-4D57-BDBE-8E62F389E4A5}.Release|Any CPU.Build.0 = Release|Any CPU
	EndGlobalSection
	GlobalSection(SolutionProperties) = preSolution
		HideSolutionNode = FALSE
	EndGlobalSection
	GlobalSection(ExtensibilityGlobals) = postSolution
		SolutionGuid = {D0A54349-E4EB-4848-B09C-C50CEA002C94}
	EndGlobalSection
EndGlobal
